
Microsoft Visual Studio Solution File, Format Version 12.00
# Visual Studio Version 16
VisualStudioVersion = 16.0.29001.49
MinimumVisualStudioVersion = 10.0.40219.1
Project("{FAE04EC0-301F-11D3-BF4B-00C04F79EFBC}") = "NetCoreMathAPI", "NetCoreMathAPI\NetCoreMathAPI.csproj", "{B36E5033-A464-47E1-B829-769858BD1A3C}"
EndProject
Global
	GlobalSection(SolutionConfigurationPlatforms) = preSolution
		Debug|Any CPU = Debug|Any CPU
		Release|Any CPU = Release|Any CPU
	EndGlobalSection
	GlobalSection(ProjectConfigurationPlatforms) = postSolution
		{B36E5033-A464-47E1-B829-769858BD1A3C}.Debug|Any CPU.ActiveCfg = Debug|Any CPU
		{B36E5033-A464-47E1-B829-769858BD1A3C}.Debug|Any CPU.Build.0 = Debug|Any CPU
		{B36E5033-A464-47E1-B829-769858BD1A3C}.Release|Any CPU.ActiveCfg = Release|Any CPU
		{B36E5033-A464-47E1-B829-769858BD1A3C}.Release|Any CPU.Build.0 = Release|Any CPU
	EndGlobalSection
	GlobalSection(SolutionProperties) = preSolution
		HideSolutionNode = FALSE
	EndGlobalSection
	GlobalSection(ExtensibilityGlobals) = postSolution
		SolutionGuid = {AB0BF640-2A1A-4CB0-9A1E-1D8922EE066B}
	EndGlobalSection
EndGlobal
